// !$*UTF8*$!
{
	archiveVersion = 1;
	classes = {
	};
	objectVersion = 50;
	objects = {

/* Begin PBXBuildFile section */
		63DCA1E722792DB000C70D4E /* AppDelegate.swift in Sources */ = {isa = PBXBuildFile; fileRef = 63DCA1E622792DB000C70D4E /* AppDelegate.swift */; };
		63DCA1E922792DB000C70D4E /* ViewController.swift in Sources */ = {isa = PBXBuildFile; fileRef = 63DCA1E822792DB000C70D4E /* ViewController.swift */; };
		63DCA1EC22792DB000C70D4E /* Main.storyboard in Resources */ = {isa = PBXBuildFile; fileRef = 63DCA1EA22792DB000C70D4E /* Main.storyboard */; };
		63DCA1EF22792DB000C70D4E /* _0190430_DavidMaiman_NYCSchools.xcdatamodeld in Sources */ = {isa = PBXBuildFile; fileRef = 63DCA1ED22792DB000C70D4E /* _0190430_DavidMaiman_NYCSchools.xcdatamodeld */; };
		63DCA1F122792DB200C70D4E /* Assets.xcassets in Resources */ = {isa = PBXBuildFile; fileRef = 63DCA1F022792DB200C70D4E /* Assets.xcassets */; };
		63DCA1F422792DB200C70D4E /* LaunchScreen.storyboard in Resources */ = {isa = PBXBuildFile; fileRef = 63DCA1F222792DB200C70D4E /* LaunchScreen.storyboard */; };
		63DCA1FF22792DB200C70D4E /* _0190430_DavidMaiman_NYCSchoolsTests.swift in Sources */ = {isa = PBXBuildFile; fileRef = 63DCA1FE22792DB200C70D4E /* _0190430_DavidMaiman_NYCSchoolsTests.swift */; };
		63DCA20A22792DB200C70D4E /* _0190430_DavidMaiman_NYCSchoolsUITests.swift in Sources */ = {isa = PBXBuildFile; fileRef = 63DCA20922792DB200C70D4E /* _0190430_DavidMaiman_NYCSchoolsUITests.swift */; };
		63F1550F227CC298004D2AA1 /* SchoolDetail.swift in Sources */ = {isa = PBXBuildFile; fileRef = 63F1550E227CC298004D2AA1 /* SchoolDetail.swift */; };
		63F15511227CD007004D2AA1 /* SATData.swift in Sources */ = {isa = PBXBuildFile; fileRef = 63F15510227CD007004D2AA1 /* SATData.swift */; };
/* End PBXBuildFile section */

/* Begin PBXContainerItemProxy section */
		63DCA1FB22792DB200C70D4E /* PBXContainerItemProxy */ = {
			isa = PBXContainerItemProxy;
			containerPortal = 63DCA1DB22792DB000C70D4E /* Project object */;
			proxyType = 1;
			remoteGlobalIDString = 63DCA1E222792DB000C70D4E;
			remoteInfo = "20190430-DavidMaiman-NYCSchools";
		};
		63DCA20622792DB200C70D4E /* PBXContainerItemProxy */ = {
			isa = PBXContainerItemProxy;
			containerPortal = 63DCA1DB22792DB000C70D4E /* Project object */;
			proxyType = 1;
			remoteGlobalIDString = 63DCA1E222792DB000C70D4E;
			remoteInfo = "20190430-DavidMaiman-NYCSchools";
		};
/* End PBXContainerItemProxy section */

/* Begin PBXFileReference section */
		63DCA1E322792DB000C70D4E /* 20190430-DavidMaiman-NYCSchools.app */ = {isa = PBXFileReference; explicitFileType = wrapper.application; includeInIndex = 0; path = "20190430-DavidMaiman-NYCSchools.app"; sourceTree = BUILT_PRODUCTS_DIR; };
		63DCA1E622792DB000C70D4E /* AppDelegate.swift */ = {isa = PBXFileReference; lastKnownFileType = sourcecode.swift; path = AppDelegate.swift; sourceTree = "<group>"; };
		63DCA1E822792DB000C70D4E /* ViewController.swift */ = {isa = PBXFileReference; lastKnownFileType = sourcecode.swift; path = ViewController.swift; sourceTree = "<group>"; };
		63DCA1EB22792DB000C70D4E /* Base */ = {isa = PBXFileReference; lastKnownFileType = file.storyboard; name = Base; path = Base.lproj/Main.storyboard; sourceTree = "<group>"; };
		63DCA1EE22792DB000C70D4E /* _0190430_DavidMaiman_NYCSchools.xcdatamodel */ = {isa = PBXFileReference; lastKnownFileType = wrapper.xcdatamodel; path = _0190430_DavidMaiman_NYCSchools.xcdatamodel; sourceTree = "<group>"; };
		63DCA1F022792DB200C70D4E /* Assets.xcassets */ = {isa = PBXFileReference; lastKnownFileType = folder.assetcatalog; path = Assets.xcassets; sourceTree = "<group>"; };
		63DCA1F322792DB200C70D4E /* Base */ = {isa = PBXFileReference; lastKnownFileType = file.storyboard; name = Base; path = Base.lproj/LaunchScreen.storyboard; sourceTree = "<group>"; };
		63DCA1F522792DB200C70D4E /* Info.plist */ = {isa = PBXFileReference; lastKnownFileType = text.plist.xml; path = Info.plist; sourceTree = "<group>"; };
		63DCA1FA22792DB200C70D4E /* 20190430-DavidMaiman-NYCSchoolsTests.xctest */ = {isa = PBXFileReference; explicitFileType = wrapper.cfbundle; includeInIndex = 0; path = "20190430-DavidMaiman-NYCSchoolsTests.xctest"; sourceTree = BUILT_PRODUCTS_DIR; };
		63DCA1FE22792DB200C70D4E /* _0190430_DavidMaiman_NYCSchoolsTests.swift */ = {isa = PBXFileReference; lastKnownFileType = sourcecode.swift; path = _0190430_DavidMaiman_NYCSchoolsTests.swift; sourceTree = "<group>"; };
		63DCA20022792DB200C70D4E /* Info.plist */ = {isa = PBXFileReference; lastKnownFileType = text.plist.xml; path = Info.plist; sourceTree = "<group>"; };
		63DCA20522792DB200C70D4E /* 20190430-DavidMaiman-NYCSchoolsUITests.xctest */ = {isa = PBXFileReference; explicitFileType = wrapper.cfbundle; includeInIndex = 0; path = "20190430-DavidMaiman-NYCSchoolsUITests.xctest"; sourceTree = BUILT_PRODUCTS_DIR; };
		63DCA20922792DB200C70D4E /* _0190430_DavidMaiman_NYCSchoolsUITests.swift */ = {isa = PBXFileReference; lastKnownFileType = sourcecode.swift; path = _0190430_DavidMaiman_NYCSchoolsUITests.swift; sourceTree = "<group>"; };
		63DCA20B22792DB200C70D4E /* Info.plist */ = {isa = PBXFileReference; lastKnownFileType = text.plist.xml; path = Info.plist; sourceTree = "<group>"; };
		63F1550E227CC298004D2AA1 /* SchoolDetail.swift */ = {isa = PBXFileReference; lastKnownFileType = sourcecode.swift; path = SchoolDetail.swift; sourceTree = "<group>"; };
		63F15510227CD007004D2AA1 /* SATData.swift */ = {isa = PBXFileReference; lastKnownFileType = sourcecode.swift; path = SATData.swift; sourceTree = "<group>"; };
/* End PBXFileReference section */

/* Begin PBXFrameworksBuildPhase section */
		63DCA1E022792DB000C70D4E /* Frameworks */ = {
			isa = PBXFrameworksBuildPhase;
			buildActionMask = 2147483647;
			files = (
			);
			runOnlyForDeploymentPostprocessing = 0;
		};
		63DCA1F722792DB200C70D4E /* Frameworks */ = {
			isa = PBXFrameworksBuildPhase;
			buildActionMask = 2147483647;
			files = (
			);
			runOnlyForDeploymentPostprocessing = 0;
		};
		63DCA20222792DB200C70D4E /* Frameworks */ = {
			isa = PBXFrameworksBuildPhase;
			buildActionMask = 2147483647;
			files = (
			);
			runOnlyForDeploymentPostprocessing = 0;
		};
/* End PBXFrameworksBuildPhase section */

/* Begin PBXGroup section */
		63DCA1DA22792DB000C70D4E = {
			isa = PBXGroup;
			children = (
				63DCA1E522792DB000C70D4E /* 20190430-DavidMaiman-NYCSchools */,
				63DCA1FD22792DB200C70D4E /* 20190430-DavidMaiman-NYCSchoolsTests */,
				63DCA20822792DB200C70D4E /* 20190430-DavidMaiman-NYCSchoolsUITests */,
				63DCA1E422792DB000C70D4E /* Products */,
			);
			sourceTree = "<group>";
		};
		63DCA1E422792DB000C70D4E /* Products */ = {
			isa = PBXGroup;
			children = (
				63DCA1E322792DB000C70D4E /* 20190430-DavidMaiman-NYCSchools.app */,
				63DCA1FA22792DB200C70D4E /* 20190430-DavidMaiman-NYCSchoolsTests.xctest */,
				63DCA20522792DB200C70D4E /* 20190430-DavidMaiman-NYCSchoolsUITests.xctest */,
			);
			name = Products;
			sourceTree = "<group>";
		};
		63DCA1E522792DB000C70D4E /* 20190430-DavidMaiman-NYCSchools */ = {
			isa = PBXGroup;
			children = (
				63F1550D227C9BBB004D2AA1 /* Controller */,
				63F1550C227C9BB3004D2AA1 /* View */,
				63F1550B227C9B9F004D2AA1 /* Model */,
				63DCA1E622792DB000C70D4E /* AppDelegate.swift */,
				63DCA1F022792DB200C70D4E /* Assets.xcassets */,
				63DCA1F522792DB200C70D4E /* Info.plist */,
				63DCA1ED22792DB000C70D4E /* _0190430_DavidMaiman_NYCSchools.xcdatamodeld */,
			);
			path = "20190430-DavidMaiman-NYCSchools";
			sourceTree = "<group>";
		};
		63DCA1FD22792DB200C70D4E /* 20190430-DavidMaiman-NYCSchoolsTests */ = {
			isa = PBXGroup;
			children = (
				63DCA1FE22792DB200C70D4E /* _0190430_DavidMaiman_NYCSchoolsTests.swift */,
				63DCA20022792DB200C70D4E /* Info.plist */,
			);
			path = "20190430-DavidMaiman-NYCSchoolsTests";
			sourceTree = "<group>";
		};
		63DCA20822792DB200C70D4E /* 20190430-DavidMaiman-NYCSchoolsUITests */ = {
			isa = PBXGroup;
			children = (
				63DCA20922792DB200C70D4E /* _0190430_DavidMaiman_NYCSchoolsUITests.swift */,
				63DCA20B22792DB200C70D4E /* Info.plist */,
			);
			path = "20190430-DavidMaiman-NYCSchoolsUITests";
			sourceTree = "<group>";
		};
		63F1550B227C9B9F004D2AA1 /* Model */ = {
			isa = PBXGroup;
			children = (
				63F1550E227CC298004D2AA1 /* SchoolDetail.swift */,
				63F15510227CD007004D2AA1 /* SATData.swift */,
			);
			path = Model;
			sourceTree = "<group>";
		};
		63F1550C227C9BB3004D2AA1 /* View */ = {
			isa = PBXGroup;
			children = (
				63DCA1E822792DB000C70D4E /* ViewController.swift */,
				63DCA1EA22792DB000C70D4E /* Main.storyboard */,
				63DCA1F222792DB200C70D4E /* LaunchScreen.storyboard */,
			);
			path = View;
			sourceTree = "<group>";
		};
		63F1550D227C9BBB004D2AA1 /* Controller */ = {
			isa = PBXGroup;
			children = (
			);
			path = Controller;
			sourceTree = "<group>";
		};
/* End PBXGroup section */

/* Begin PBXNativeTarget section */
		63DCA1E222792DB000C70D4E /* 20190430-DavidMaiman-NYCSchools */ = {
			isa = PBXNativeTarget;
			buildConfigurationList = 63DCA20E22792DB200C70D4E /* Build configuration list for PBXNativeTarget "20190430-DavidMaiman-NYCSchools" */;
			buildPhases = (
				63DCA1DF22792DB000C70D4E /* Sources */,
				63DCA1E022792DB000C70D4E /* Frameworks */,
				63DCA1E122792DB000C70D4E /* Resources */,
			);
			buildRules = (
			);
			dependencies = (
			);
			name = "20190430-DavidMaiman-NYCSchools";
			productName = "20190430-DavidMaiman-NYCSchools";
			productReference = 63DCA1E322792DB000C70D4E /* 20190430-DavidMaiman-NYCSchools.app */;
			productType = "com.apple.product-type.application";
		};
		63DCA1F922792DB200C70D4E /* 20190430-DavidMaiman-NYCSchoolsTests */ = {
			isa = PBXNativeTarget;
			buildConfigurationList = 63DCA21122792DB200C70D4E /* Build configuration list for PBXNativeTarget "20190430-DavidMaiman-NYCSchoolsTests" */;
			buildPhases = (
				63DCA1F622792DB200C70D4E /* Sources */,
				63DCA1F722792DB200C70D4E /* Frameworks */,
				63DCA1F822792DB200C70D4E /* Resources */,
			);
			buildRules = (
			);
			dependencies = (
				63DCA1FC22792DB200C70D4E /* PBXTargetDependency */,
			);
			name = "20190430-DavidMaiman-NYCSchoolsTests";
			productName = "20190430-DavidMaiman-NYCSchoolsTests";
			productReference = 63DCA1FA22792DB200C70D4E /* 20190430-DavidMaiman-NYCSchoolsTests.xctest */;
			productType = "com.apple.product-type.bundle.unit-test";
		};
		63DCA20422792DB200C70D4E /* 20190430-DavidMaiman-NYCSchoolsUITests */ = {
			isa = PBXNativeTarget;
			buildConfigurationList = 63DCA21422792DB200C70D4E /* Build configuration list for PBXNativeTarget "20190430-DavidMaiman-NYCSchoolsUITests" */;
			buildPhases = (
				63DCA20122792DB200C70D4E /* Sources */,
				63DCA20222792DB200C70D4E /* Frameworks */,
				63DCA20322792DB200C70D4E /* Resources */,
			);
			buildRules = (
			);
			dependencies = (
				63DCA20722792DB200C70D4E /* PBXTargetDependency */,
			);
			name = "20190430-DavidMaiman-NYCSchoolsUITests";
			productName = "20190430-DavidMaiman-NYCSchoolsUITests";
			productReference = 63DCA20522792DB200C70D4E /* 20190430-DavidMaiman-NYCSchoolsUITests.xctest */;
			productType = "com.apple.product-type.bundle.ui-testing";
		};
/* End PBXNativeTarget section */

/* Begin PBXProject section */
		63DCA1DB22792DB000C70D4E /* Project object */ = {
			isa = PBXProject;
			attributes = {
				LastSwiftUpdateCheck = 1020;
				LastUpgradeCheck = 1020;
				ORGANIZATIONNAME = "DAVID MAIMAN";
				TargetAttributes = {
					63DCA1E222792DB000C70D4E = {
						CreatedOnToolsVersion = 10.2.1;
					};
					63DCA1F922792DB200C70D4E = {
						CreatedOnToolsVersion = 10.2.1;
						TestTargetID = 63DCA1E222792DB000C70D4E;
					};
					63DCA20422792DB200C70D4E = {
						CreatedOnToolsVersion = 10.2.1;
						TestTargetID = 63DCA1E222792DB000C70D4E;
					};
				};
			};
			buildConfigurationList = 63DCA1DE22792DB000C70D4E /* Build configuration list for PBXProject "20190430-DavidMaiman-NYCSchools" */;
			compatibilityVersion = "Xcode 9.3";
			developmentRegion = en;
			hasScannedForEncodings = 0;
			knownRegions = (
				en,
				Base,
			);
			mainGroup = 63DCA1DA22792DB000C70D4E;
			productRefGroup = 63DCA1E422792DB000C70D4E /* Products */;
			projectDirPath = "";
			projectRoot = "";
			targets = (
				63DCA1E222792DB000C70D4E /* 20190430-DavidMaiman-NYCSchools */,
				63DCA1F922792DB200C70D4E /* 20190430-DavidMaiman-NYCSchoolsTests */,
				63DCA20422792DB200C70D4E /* 20190430-DavidMaiman-NYCSchoolsUITests */,
			);
		};
/* End PBXProject section */

/* Begin PBXResourcesBuildPhase section */
		63DCA1E122792DB000C70D4E /* Resources */ = {
			isa = PBXResourcesBuildPhase;
			buildActionMask = 2147483647;
			files = (
				63DCA1F422792DB200C70D4E /* LaunchScreen.storyboard in Resources */,
				63DCA1F122792DB200C70D4E /* Assets.xcassets in Resources */,
				63DCA1EC22792DB000C70D4E /* Main.storyboard in Resources */,
			);
			runOnlyForDeploymentPostprocessing = 0;
		};
		63DCA1F822792DB200C70D4E /* Resources */ = {
			isa = PBXResourcesBuildPhase;
			buildActionMask = 2147483647;
			files = (
			);
			runOnlyForDeploymentPostprocessing = 0;
		};
		63DCA20322792DB200C70D4E /* Resources */ = {
			isa = PBXResourcesBuildPhase;
			buildActionMask = 2147483647;
			files = (
			);
			runOnlyForDeploymentPostprocessing = 0;
		};
/* End PBXResourcesBuildPhase section */

/* Begin PBXSourcesBuildPhase section */
		63DCA1DF22792DB000C70D4E /* Sources */ = {
			isa = PBXSourcesBuildPhase;
			buildActionMask = 2147483647;
			files = (
				63F1550F227CC298004D2AA1 /* SchoolDetail.swift in Sources */,
				63DCA1E922792DB000C70D4E /* ViewController.swift in Sources */,
				63DCA1EF22792DB000C70D4E /* _0190430_DavidMaiman_NYCSchools.xcdatamodeld in Sources */,
				63DCA1E722792DB000C70D4E /* AppDelegate.swift in Sources */,
				63F15511227CD007004D2AA1 /* SATData.swift in Sources */,
			);
			runOnlyForDeploymentPostprocessing = 0;
		};
		63DCA1F622792DB200C70D4E /* Sources */ = {
			isa = PBXSourcesBuildPhase;
			buildActionMask = 2147483647;
			files = (
				63DCA1FF22792DB200C70D4E /* _0190430_DavidMaiman_NYCSchoolsTests.swift in Sources */,
			);
			runOnlyForDeploymentPostprocessing = 0;
		};
		63DCA20122792DB200C70D4E /* Sources */ = {
			isa = PBXSourcesBuildPhase;
			buildActionMask = 2147483647;
			files = (
				63DCA20A22792DB200C70D4E /* _0190430_DavidMaiman_NYCSchoolsUITests.swift in Sources */,
			);
			runOnlyForDeploymentPostprocessing = 0;
		};
/* End PBXSourcesBuildPhase section */

/* Begin PBXTargetDependency section */
		63DCA1FC22792DB200C70D4E /* PBXTargetDependency */ = {
			isa = PBXTargetDependency;
			target = 63DCA1E222792DB000C70D4E /* 20190430-DavidMaiman-NYCSchools */;
			targetProxy = 63DCA1FB22792DB200C70D4E /* PBXContainerItemProxy */;
		};
		63DCA20722792DB200C70D4E /* PBXTargetDependency */ = {
			isa = PBXTargetDependency;
			target = 63DCA1E222792DB000C70D4E /* 20190430-DavidMaiman-NYCSchools */;
			targetProxy = 63DCA20622792DB200C70D4E /* PBXContainerItemProxy */;
		};
/* End PBXTargetDependency section */

/* Begin PBXVariantGroup section */
		63DCA1EA22792DB000C70D4E /* Main.storyboard */ = {
			isa = PBXVariantGroup;
			children = (
				63DCA1EB22792DB000C70D4E /* Base */,
			);
			name = Main.storyboard;
			sourceTree = "<group>";
		};
		63DCA1F222792DB200C70D4E /* LaunchScreen.storyboard */ = {
			isa = PBXVariantGroup;
			children = (
				63DCA1F322792DB200C70D4E /* Base */,
			);
			name = LaunchScreen.storyboard;
			sourceTree = "<group>";
		};
/* End PBXVariantGroup section */

/* Begin XCBuildConfiguration section */
		63DCA20C22792DB200C70D4E /* Debug */ = {
			isa = XCBuildConfiguration;
			buildSettings = {
				ALWAYS_SEARCH_USER_PATHS = NO;
				CLANG_ANALYZER_NONNULL = YES;
				CLANG_ANALYZER_NUMBER_OBJECT_CONVERSION = YES_AGGRESSIVE;
				CLANG_CXX_LANGUAGE_STANDARD = "gnu++14";
				CLANG_CXX_LIBRARY = "libc++";
				CLANG_ENABLE_MODULES = YES;
				CLANG_ENABLE_OBJC_ARC = YES;
				CLANG_ENABLE_OBJC_WEAK = YES;
				CLANG_WARN_BLOCK_CAPTURE_AUTORELEASING = YES;
				CLANG_WARN_BOOL_CONVERSION = YES;
				CLANG_WARN_COMMA = YES;
				CLANG_WARN_CONSTANT_CONVERSION = YES;
				CLANG_WARN_DEPRECATED_OBJC_IMPLEMENTATIONS = YES;
				CLANG_WARN_DIRECT_OBJC_ISA_USAGE = YES_ERROR;
				CLANG_WARN_DOCUMENTATION_COMMENTS = YES;
				CLANG_WARN_EMPTY_BODY = YES;
				CLANG_WARN_ENUM_CONVERSION = YES;
				CLANG_WARN_INFINITE_RECURSION = YES;
				CLANG_WARN_INT_CONVERSION = YES;
				CLANG_WARN_NON_LITERAL_NULL_CONVERSION = YES;
				CLANG_WARN_OBJC_IMPLICIT_RETAIN_SELF = YES;
				CLANG_WARN_OBJC_LITERAL_CONVERSION = YES;
				CLANG_WARN_OBJC_ROOT_CLASS = YES_ERROR;
				CLANG_WARN_RANGE_LOOP_ANALYSIS = YES;
				CLANG_WARN_STRICT_PROTOTYPES = YES;
				CLANG_WARN_SUSPICIOUS_MOVE = YES;
				CLANG_WARN_UNGUARDED_AVAILABILITY = YES_AGGRESSIVE;
				CLANG_WARN_UNREACHABLE_CODE = YES;
				CLANG_WARN__DUPLICATE_METHOD_MATCH = YES;
				CODE_SIGN_IDENTITY = "iPhone Developer";
				COPY_PHASE_STRIP = NO;
				DEBUG_INFORMATION_FORMAT = dwarf;
				ENABLE_STRICT_OBJC_MSGSEND = YES;
				ENABLE_TESTABILITY = YES;
				GCC_C_LANGUAGE_STANDARD = gnu11;
				GCC_DYNAMIC_NO_PIC = NO;
				GCC_NO_COMMON_BLOCKS = YES;
				GCC_OPTIMIZATION_LEVEL = 0;
				GCC_PREPROCESSOR_DEFINITIONS = (
					"DEBUG=1",
					"$(inherited)",
				);
				GCC_WARN_64_TO_32_BIT_CONVERSION = YES;
				GCC_WARN_ABOUT_RETURN_TYPE = YES_ERROR;
				GCC_WARN_UNDECLARED_SELECTOR = YES;
				GCC_WARN_UNINITIALIZED_AUTOS = YES_AGGRESSIVE;
				GCC_WARN_UNUSED_FUNCTION = YES;
				GCC_WARN_UNUSED_VARIABLE = YES;
				IPHONEOS_DEPLOYMENT_TARGET = 12.2;
				MTL_ENABLE_DEBUG_INFO = INCLUDE_SOURCE;
				MTL_FAST_MATH = YES;
				ONLY_ACTIVE_ARCH = YES;
				SDKROOT = iphoneos;
				SWIFT_ACTIVE_COMPILATION_CONDITIONS = DEBUG;
				SWIFT_OPTIMIZATION_LEVEL = "-Onone";
			};
			name = Debug;
		};
		63DCA20D22792DB200C70D4E /* Release */ = {
			isa = XCBuildConfiguration;
			buildSettings = {
				ALWAYS_SEARCH_USER_PATHS = NO;
				CLANG_ANALYZER_NONNULL = YES;
				CLANG_ANALYZER_NUMBER_OBJECT_CONVERSION = YES_AGGRESSIVE;
				CLANG_CXX_LANGUAGE_STANDARD = "gnu++14";
				CLANG_CXX_LIBRARY = "libc++";
				CLANG_ENABLE_MODULES = YES;
				CLANG_ENABLE_OBJC_ARC = YES;
				CLANG_ENABLE_OBJC_WEAK = YES;
				CLANG_WARN_BLOCK_CAPTURE_AUTORELEASING = YES;
				CLANG_WARN_BOOL_CONVERSION = YES;
				CLANG_WARN_COMMA = YES;
				CLANG_WARN_CONSTANT_CONVERSION = YES;
				CLANG_WARN_DEPRECATED_OBJC_IMPLEMENTATIONS = YES;
				CLANG_WARN_DIRECT_OBJC_ISA_USAGE = YES_ERROR;
				CLANG_WARN_DOCUMENTATION_COMMENTS = YES;
				CLANG_WARN_EMPTY_BODY = YES;
				CLANG_WARN_ENUM_CONVERSION = YES;
				CLANG_WARN_INFINITE_RECURSION = YES;
				CLANG_WARN_INT_CONVERSION = YES;
				CLANG_WARN_NON_LITERAL_NULL_CONVERSION = YES;
				CLANG_WARN_OBJC_IMPLICIT_RETAIN_SELF = YES;
				CLANG_WARN_OBJC_LITERAL_CONVERSION = YES;
				CLANG_WARN_OBJC_ROOT_CLASS = YES_ERROR;
				CLANG_WARN_RANGE_LOOP_ANALYSIS = YES;
				CLANG_WARN_STRICT_PROTOTYPES = YES;
				CLANG_WARN_SUSPICIOUS_MOVE = YES;
				CLANG_WARN_UNGUARDED_AVAILABILITY = YES_AGGRESSIVE;
				CLANG_WARN_UNREACHABLE_CODE = YES;
				CLANG_WARN__DUPLICATE_METHOD_MATCH = YES;
				CODE_SIGN_IDENTITY = "iPhone Developer";
				COPY_PHASE_STRIP = NO;
				DEBUG_INFORMATION_FORMAT = "dwarf-with-dsym";
				ENABLE_NS_ASSERTIONS = NO;
				ENABLE_STRICT_OBJC_MSGSEND = YES;
				GCC_C_LANGUAGE_STANDARD = gnu11;
				GCC_NO_COMMON_BLOCKS = YES;
				GCC_WARN_64_TO_32_BIT_CONVERSION = YES;
				GCC_WARN_ABOUT_RETURN_TYPE = YES_ERROR;
				GCC_WARN_UNDECLARED_SELECTOR = YES;
				GCC_WARN_UNINITIALIZED_AUTOS = YES_AGGRESSIVE;
				GCC_WARN_UNUSED_FUNCTION = YES;
				GCC_WARN_UNUSED_VARIABLE = YES;
				IPHONEOS_DEPLOYMENT_TARGET = 12.2;
				MTL_ENABLE_DEBUG_INFO = NO;
				MTL_FAST_MATH = YES;
				SDKROOT = iphoneos;
				SWIFT_COMPILATION_MODE = wholemodule;
				SWIFT_OPTIMIZATION_LEVEL = "-O";
				VALIDATE_PRODUCT = YES;
			};
			name = Release;
		};
		63DCA20F22792DB200C70D4E /* Debug */ = {
			isa = XCBuildConfiguration;
			buildSettings = {
				ASSETCATALOG_COMPILER_APPICON_NAME = AppIcon;
				CODE_SIGN_STYLE = Automatic;
				INFOPLIST_FILE = "20190430-DavidMaiman-NYCSchools/Info.plist";
				LD_RUNPATH_SEARCH_PATHS = (
					"$(inherited)",
					"@executable_path/Frameworks",
				);
				PRODUCT_BUNDLE_IDENTIFIER = "fds.-0190430-DavidMaiman-NYCSchools";
				PRODUCT_NAME = "$(TARGET_NAME)";
				SWIFT_VERSION = 5.0;
				TARGETED_DEVICE_FAMILY = "1,2";
			};
			name = Debug;
		};
		63DCA21022792DB200C70D4E /* Release */ = {
			isa = XCBuildConfiguration;
			buildSettings = {
				ASSETCATALOG_COMPILER_APPICON_NAME = AppIcon;
				CODE_SIGN_STYLE = Automatic;
				INFOPLIST_FILE = "20190430-DavidMaiman-NYCSchools/Info.plist";
				LD_RUNPATH_SEARCH_PATHS = (
					"$(inherited)",
					"@executable_path/Frameworks",
				);
				PRODUCT_BUNDLE_IDENTIFIER = "fds.-0190430-DavidMaiman-NYCSchools";
				PRODUCT_NAME = "$(TARGET_NAME)";
				SWIFT_VERSION = 5.0;
				TARGETED_DEVICE_FAMILY = "1,2";
			};
			name = Release;
		};
		63DCA21222792DB200C70D4E /* Debug */ = {
			isa = XCBuildConfiguration;
			buildSettings = {
				ALWAYS_EMBED_SWIFT_STANDARD_LIBRARIES = YES;
				BUNDLE_LOADER = "$(TEST_HOST)";
				CODE_SIGN_STYLE = Automatic;
				INFOPLIST_FILE = "20190430-DavidMaiman-NYCSchoolsTests/Info.plist";
				LD_RUNPATH_SEARCH_PATHS = (
					"$(inherited)",
					"@executable_path/Frameworks",
					"@loader_path/Frameworks",
				);
				PRODUCT_BUNDLE_IDENTIFIER = "fds.-0190430-DavidMaiman-NYCSchoolsTests";
				PRODUCT_NAME = "$(TARGET_NAME)";
				SWIFT_VERSION = 5.0;
				TARGETED_DEVICE_FAMILY = "1,2";
				TEST_HOST = "$(BUILT_PRODUCTS_DIR)/20190430-DavidMaiman-NYCSchools.app/20190430-DavidMaiman-NYCSchools";
			};
			name = Debug;
		};
		63DCA21322792DB200C70D4E /* Release */ = {
			isa = XCBuildConfiguration;
			buildSettings = {
				ALWAYS_EMBED_SWIFT_STANDARD_LIBRARIES = YES;
				BUNDLE_LOADER = "$(TEST_HOST)";
				CODE_SIGN_STYLE = Automatic;
				INFOPLIST_FILE = "20190430-DavidMaiman-NYCSchoolsTests/Info.plist";
				LD_RUNPATH_SEARCH_PATHS = (
					"$(inherited)",
					"@executable_path/Frameworks",
					"@loader_path/Frameworks",
				);
				PRODUCT_BUNDLE_IDENTIFIER = "fds.-0190430-DavidMaiman-NYCSchoolsTests";
				PRODUCT_NAME = "$(TARGET_NAME)";
				SWIFT_VERSION = 5.0;
				TARGETED_DEVICE_FAMILY = "1,2";
				TEST_HOST = "$(BUILT_PRODUCTS_DIR)/20190430-DavidMaiman-NYCSchools.app/20190430-DavidMaiman-NYCSchools";
			};
			name = Release;
		};
		63DCA21522792DB200C70D4E /* Debug */ = {
			isa = XCBuildConfiguration;
			buildSettings = {
				ALWAYS_EMBED_SWIFT_STANDARD_LIBRARIES = YES;
				CODE_SIGN_STYLE = Automatic;
				INFOPLIST_FILE = "20190430-DavidMaiman-NYCSchoolsUITests/Info.plist";
				LD_RUNPATH_SEARCH_PATHS = (
					"$(inherited)",
					"@executable_path/Frameworks",
					"@loader_path/Frameworks",
				);
				PRODUCT_BUNDLE_IDENTIFIER = "fds.-0190430-DavidMaiman-NYCSchoolsUITests";
				PRODUCT_NAME = "$(TARGET_NAME)";
				SWIFT_VERSION = 5.0;
				TARGETED_DEVICE_FAMILY = "1,2";
				TEST_TARGET_NAME = "20190430-DavidMaiman-NYCSchools";
			};
			name = Debug;
		};
		63DCA21622792DB200C70D4E /* Release */ = {
			isa = XCBuildConfiguration;
			buildSettings = {
				ALWAYS_EMBED_SWIFT_STANDARD_LIBRARIES = YES;
				CODE_SIGN_STYLE = Automatic;
				INFOPLIST_FILE = "20190430-DavidMaiman-NYCSchoolsUITests/Info.plist";
				LD_RUNPATH_SEARCH_PATHS = (
					"$(inherited)",
					"@executable_path/Frameworks",
					"@loader_path/Frameworks",
				);
				PRODUCT_BUNDLE_IDENTIFIER = "fds.-0190430-DavidMaiman-NYCSchoolsUITests";
				PRODUCT_NAME = "$(TARGET_NAME)";
				SWIFT_VERSION = 5.0;
				TARGETED_DEVICE_FAMILY = "1,2";
				TEST_TARGET_NAME = "20190430-DavidMaiman-NYCSchools";
			};
			name = Release;
		};
/* End XCBuildConfiguration section */

/* Begin XCConfigurationList section */
		63DCA1DE22792DB000C70D4E /* Build configuration list for PBXProject "20190430-DavidMaiman-NYCSchools" */ = {
			isa = XCConfigurationList;
			buildConfigurations = (
				63DCA20C22792DB200C70D4E /* Debug */,
				63DCA20D22792DB200C70D4E /* Release */,
			);
			defaultConfigurationIsVisible = 0;
			defaultConfigurationName = Release;
		};
		63DCA20E22792DB200C70D4E /* Build configuration list for PBXNativeTarget "20190430-DavidMaiman-NYCSchools" */ = {
			isa = XCConfigurationList;
			buildConfigurations = (
				63DCA20F22792DB200C70D4E /* Debug */,
				63DCA21022792DB200C70D4E /* Release */,
			);
			defaultConfigurationIsVisible = 0;
			defaultConfigurationName = Release;
		};
		63DCA21122792DB200C70D4E /* Build configuration list for PBXNativeTarget "20190430-DavidMaiman-NYCSchoolsTests" */ = {
			isa = XCConfigurationList;
			buildConfigurations = (
				63DCA21222792DB200C70D4E /* Debug */,
				63DCA21322792DB200C70D4E /* Release */,
			);
			defaultConfigurationIsVisible = 0;
			defaultConfigurationName = Release;
		};
		63DCA21422792DB200C70D4E /* Build configuration list for PBXNativeTarget "20190430-DavidMaiman-NYCSchoolsUITests" */ = {
			isa = XCConfigurationList;
			buildConfigurations = (
				63DCA21522792DB200C70D4E /* Debug */,
				63DCA21622792DB200C70D4E /* Release */,
			);
			defaultConfigurationIsVisible = 0;
			defaultConfigurationName = Release;
		};
/* End XCConfigurationList section */

/* Begin XCVersionGroup section */
		63DCA1ED22792DB000C70D4E /* _0190430_DavidMaiman_NYCSchools.xcdatamodeld */ = {
			isa = XCVersionGroup;
			children = (
				63DCA1EE22792DB000C70D4E /* _0190430_DavidMaiman_NYCSchools.xcdatamodel */,
			);
			currentVersion = 63DCA1EE22792DB000C70D4E /* _0190430_DavidMaiman_NYCSchools.xcdatamodel */;
			path = _0190430_DavidMaiman_NYCSchools.xcdatamodeld;
			sourceTree = "<group>";
			versionGroupType = wrapper.xcdatamodel;
		};
/* End XCVersionGroup section */
	};
	rootObject = 63DCA1DB22792DB000C70D4E /* Project object */;
}
